
Microsoft Visual Studio Solution File, Format Version 12.00
Project("{FAE04EC0-301F-11D3-BF4B-00C04F79EFBC}") = "schoffen.CodingTracker", "schoffen.CodingTracker\schoffen.CodingTracker.csproj", "{307C321C-F522-4F21-86B2-9FDDD0592B64}"
EndProject
Global
	GlobalSection(SolutionConfigurationPlatforms) = preSolution
		Debug|Any CPU = Debug|Any CPU
		Release|Any CPU = Release|Any CPU
	EndGlobalSection
	GlobalSection(ProjectConfigurationPlatforms) = postSolution
		{307C321C-F522-4F21-86B2-9FDDD0592B64}.Debug|Any CPU.ActiveCfg = Debug|Any CPU
		{307C321C-F522-4F21-86B2-9FDDD0592B64}.Debug|Any CPU.Build.0 = Debug|Any CPU
		{307C321C-F522-4F21-86B2-9FDDD0592B64}.Release|Any CPU.ActiveCfg = Release|Any CPU
		{307C321C-F522-4F21-86B2-9FDDD0592B64}.Release|Any CPU.Build.0 = Release|Any CPU
	EndGlobalSection
EndGlobal
